
Microsoft Visual Studio Solution File, Format Version 12.00
# Visual Studio 2013
VisualStudioVersion = 12.0.30110.0
MinimumVisualStudioVersion = 10.0.40219.1
Project("{8BC9CEB8-8B4A-11D0-8D11-00A0C91BC942}") = "Iris", "Iris\Iris.vcxproj", "{1F05AF8F-3732-482D-AE51-B202DF3DD06E}"
EndProject
Project("{2150E333-8FDC-42A3-9474-1A3956D46DE8}") = "Solution Items", "Solution Items", "{0279A26E-22C1-40DE-BE70-E391B70D9449}"
	ProjectSection(SolutionItems) = preProject
		Performance1.psess = Performance1.psess
	EndProjectSection
EndProject
Global
	GlobalSection(SolutionConfigurationPlatforms) = preSolution
		Debug|Win32 = Debug|Win32
		Release|Win32 = Release|Win32
	EndGlobalSection
	GlobalSection(ProjectConfigurationPlatforms) = postSolution
		{1F05AF8F-3732-482D-AE51-B202DF3DD06E}.Debug|Win32.ActiveCfg = Debug|Win32
		{1F05AF8F-3732-482D-AE51-B202DF3DD06E}.Debug|Win32.Build.0 = Debug|Win32
		{1F05AF8F-3732-482D-AE51-B202DF3DD06E}.Release|Win32.ActiveCfg = Release|Win32
		{1F05AF8F-3732-482D-AE51-B202DF3DD06E}.Release|Win32.Build.0 = Release|Win32
	EndGlobalSection
	GlobalSection(SolutionProperties) = preSolution
		HideSolutionNode = FALSE
	EndGlobalSection
EndGlobal
