<?xml version="1.0" encoding="utf-8"?>
<Project ToolsVersion="4.0" xmlns="http://schemas.microsoft.com/developer/msbuild/2003">
  <ItemGroup>
    <ClCompile Include="Entity.cpp" />
    <ClCompile Include="Main.cpp" />
    <ClCompile Include="Player.cpp" />
    <ClCompile Include="ResourceManager.cpp" />
    <ClCompile Include="World.cpp" />
  </ItemGroup>
  <ItemGroup>
    <ClInclude Include="Entity.hpp" />
    <ClInclude Include="Player.hpp" />
    <ClInclude Include="ResourceManager.h" />
    <ClInclude Include="World.h" />
  </ItemGroup>
</Project>